<?xml version="1.0" encoding="UTF-8"?>
<CONFIG>
  <ProjectOptions>
    <Version Value="12"/>
    <PathDelim Value="\"/>
    <General>
      <Flags>
        <CompatibilityMode Value="True"/>
      </Flags>
      <SessionStorage Value="InProjectDir"/>
      <Title Value="File Renamer 2"/>
      <Scaled Value="True"/>
      <ResourceType Value="res"/>
      <UseXPManifest Value="True"/>
      <XPManifest>
        <DpiAware Value="True"/>
        <TextName Value="InspectorMike.Utilities.FileRenamer"/>
      </XPManifest>
      <Icon Value="0"/>
    </General>
    <i18n>
      <EnableI18N LFM="False"/>
    </i18n>
    <VersionInfo>
      <UseVersionInfo Value="True"/>
      <AutoIncrementBuild Value="True"/>
      <MajorVersionNr Value="2"/>
      <MinorVersionNr Value="2"/>
      <BuildNr Value="207"/>
      <Language Value="0809"/>
      <Attributes pvaDebug="True"/>
      <StringTable CompanyName="Inspector Mike Pty Ltd" FileDescription="File Renamer and Metadata processor" LegalCopyright="(c) 2022" ProductName="FileRenamer2"/>
    </VersionInfo>
    <BuildModes Count="1">
      <Item1 Name="Default" Default="True"/>
    </BuildModes>
    <PublishOptions>
      <Version Value="2"/>
    </PublishOptions>
    <RunParams>
      <local>
        <CommandLineParams Value="&quot;E:\P\Personal\Pictures\Unsorted\By Date&quot;"/>
      </local>
      <FormatVersion Value="2"/>
      <Modes Count="1">
        <Mode0 Name="default">
          <local>
            <CommandLineParams Value="&quot;E:\P\Personal\Pictures\Unsorted\By Date&quot;"/>
          </local>
        </Mode0>
      </Modes>
    </RunParams>
    <RequiredPackages Count="6">
      <Item1>
        <PackageName Value="IM_units"/>
      </Item1>
      <Item2>
        <PackageName Value="IM_application"/>
      </Item2>
      <Item3>
        <PackageName Value="rxnew"/>
      </Item3>
      <Item4>
        <PackageName Value="fpexif_pkg"/>
      </Item4>
      <Item5>
        <PackageName Value="LazControls"/>
      </Item5>
      <Item6>
        <PackageName Value="LCL"/>
      </Item6>
    </RequiredPackages>
    <Units Count="13">
      <Unit0>
        <Filename Value="FileRenamer2.lpr"/>
        <IsPartOfProject Value="True"/>
      </Unit0>
      <Unit1>
        <Filename Value="Classes\StringScriptor.pas"/>
        <IsPartOfProject Value="True"/>
      </Unit1>
      <Unit2>
        <Filename Value="Display\FormFileRenamer2.pas"/>
        <IsPartOfProject Value="True"/>
        <ComponentName Value="frmRenamer"/>
        <HasResources Value="True"/>
        <ResourceBaseClass Value="Form"/>
      </Unit2>
      <Unit3>
        <Filename Value="Classes\Tags.pas"/>
        <IsPartOfProject Value="True"/>
      </Unit3>
      <Unit4>
        <Filename Value="Classes\TagMultimedia.pas"/>
        <IsPartOfProject Value="True"/>
      </Unit4>
      <Unit5>
        <Filename Value="Classes\uShellDragDrop.pp"/>
        <IsPartOfProject Value="True"/>
      </Unit5>
      <Unit6>
        <Filename Value="Classes\TagEXIF.pas"/>
        <IsPartOfProject Value="True"/>
      </Unit6>
      <Unit7>
        <Filename Value="Display\DialogScanFolder.pas"/>
        <IsPartOfProject Value="True"/>
        <ComponentName Value="dlgScanFolder"/>
        <HasResources Value="True"/>
        <ResourceBaseClass Value="Form"/>
      </Unit7>
      <Unit8>
        <Filename Value="Classes\ThreadFolderParser.pas"/>
        <IsPartOfProject Value="True"/>
      </Unit8>
      <Unit9>
        <Filename Value="Classes\TagFileSystem.pas"/>
        <IsPartOfProject Value="True"/>
      </Unit9>
      <Unit10>
        <Filename Value="Display\DialogConvertVideo.pas"/>
        <IsPartOfProject Value="True"/>
        <ComponentName Value="dlgConvertVideo"/>
        <HasResources Value="True"/>
        <ResourceBaseClass Value="Form"/>
      </Unit10>
      <Unit11>
        <Filename Value="Display\DialogRenameOptions.pas"/>
        <IsPartOfProject Value="True"/>
        <ComponentName Value="dlgRenameOptions"/>
        <HasResources Value="True"/>
        <ResourceBaseClass Value="Form"/>
      </Unit11>
      <Unit12>
        <Filename Value="Classes\TagVideoNFO.pas"/>
        <IsPartOfProject Value="True"/>
      </Unit12>
    </Units>
  </ProjectOptions>
  <CompilerOptions>
    <Version Value="11"/>
    <PathDelim Value="\"/>
    <Target>
      <Filename Value="$(TestDir)\$NameOnly($(ProjFile))\$NameOnly($(ProjFile))"/>
    </Target>
    <SearchPaths>
      <IncludeFiles Value="$(ProjOutDir)"/>
      <OtherUnitFiles Value="..\Shared\Classes;..\Shared\Display\Dialogs;..\Shared\Display\Docks;Classes;Display;..\..\..\fpc\packages\fcl-db\src\base"/>
      <UnitOutputDirectory Value="$(TestDir)\lib\$(TargetCPU)-$(TargetOS)\$NameOnly($(ProjFile))"/>
    </SearchPaths>
    <CodeGeneration>
      <Checks>
        <IOChecks Value="True"/>
        <StackChecks Value="True"/>
      </Checks>
      <Optimizations>
        <OptimizationLevel Value="0"/>
      </Optimizations>
    </CodeGeneration>
    <Linking>
      <Debugging>
        <DebugInfoType Value="dsDwarf2Set"/>
        <UseHeaptrc Value="True"/>
        <UseExternalDbgSyms Value="True"/>
      </Debugging>
      <Options>
        <Win32>
          <GraphicApplication Value="True"/>
        </Win32>
      </Options>
    </Linking>
    <Other>
      <CompilerMessages>
        <IgnoredMessages idx6058="True" idx5024="True" idx3124="True" idx3123="True"/>
      </CompilerMessages>
    </Other>
  </CompilerOptions>
  <Debugging>
    <Exceptions Count="5">
      <Item1>
        <Name Value="EAbort"/>
      </Item1>
      <Item2>
        <Name Value="ECodetoolError"/>
      </Item2>
      <Item3>
        <Name Value="EFOpenError"/>
      </Item3>
      <Item4>
        <Name Value="EFpExif"/>
      </Item4>
      <Item5>
        <Name Value="EXMLReadError"/>
      </Item5>
    </Exceptions>
  </Debugging>
</CONFIG>
